
Microsoft Visual Studio Solution File, Format Version 12.00
# Visual Studio Version 17
VisualStudioVersion = 17.2.32616.157
MinimumVisualStudioVersion = 10.0.40219.1
Project("{FAE04EC0-301F-11D3-BF4B-00C04F79EFBC}") = "DotaDisband", "DotaDisband\DotaDisband.csproj", "{43E1B2CE-EDB4-4799-97BC-4FC9AF74A9C2}"
EndProject
Global
	GlobalSection(SolutionConfigurationPlatforms) = preSolution
		Debug|Any CPU = Debug|Any CPU
		Release|Any CPU = Release|Any CPU
	EndGlobalSection
	GlobalSection(ProjectConfigurationPlatforms) = postSolution
		{43E1B2CE-EDB4-4799-97BC-4FC9AF74A9C2}.Debug|Any CPU.ActiveCfg = Debug|Any CPU
		{43E1B2CE-EDB4-4799-97BC-4FC9AF74A9C2}.Debug|Any CPU.Build.0 = Debug|Any CPU
		{43E1B2CE-EDB4-4799-97BC-4FC9AF74A9C2}.Release|Any CPU.ActiveCfg = Release|Any CPU
		{43E1B2CE-EDB4-4799-97BC-4FC9AF74A9C2}.Release|Any CPU.Build.0 = Release|Any CPU
	EndGlobalSection
	GlobalSection(SolutionProperties) = preSolution
		HideSolutionNode = FALSE
	EndGlobalSection
	GlobalSection(ExtensibilityGlobals) = postSolution
		SolutionGuid = {B3EDF4ED-7A0B-4A0E-814F-06B9C489172B}
	EndGlobalSection
EndGlobal
